
Microsoft Visual Studio Solution File, Format Version 12.00
# Visual Studio Version 17
VisualStudioVersion = 17.0.31903.59
MinimumVisualStudioVersion = 10.0.40219.1
Project("{2150E333-8FDC-42A3-9474-1A3956D46DE8}") = "src", "src", "{827E0CD3-B72D-47B6-A68D-7590B98EB39B}"
EndProject
Project("{FAE04EC0-301F-11D3-BF4B-00C04F79EFBC}") = "TextractTest.Core", "src\TextractTest.Core\TextractTest.Core.csproj", "{96C4F84F-5F9B-4EB9-B040-D2AFB93D8713}"
EndProject
Project("{FAE04EC0-301F-11D3-BF4B-00C04F79EFBC}") = "TextractTest.JobChecker", "src\TextractTest.JobChecker\TextractTest.JobChecker.csproj", "{AB192C75-1A52-4DE8-8196-EAEDFCA4F91E}"
EndProject
Project("{FAE04EC0-301F-11D3-BF4B-00C04F79EFBC}") = "TextractTest.Shared", "src\TextractTest.Shared\TextractTest.Shared.csproj", "{D2E28EAD-D25A-47A8-8CFD-78AC032EF32D}"
EndProject
Global
	GlobalSection(SolutionConfigurationPlatforms) = preSolution
		Debug|Any CPU = Debug|Any CPU
		Debug|x64 = Debug|x64
		Debug|x86 = Debug|x86
		Release|Any CPU = Release|Any CPU
		Release|x64 = Release|x64
		Release|x86 = Release|x86
	EndGlobalSection
	GlobalSection(ProjectConfigurationPlatforms) = postSolution
		{96C4F84F-5F9B-4EB9-B040-D2AFB93D8713}.Debug|Any CPU.ActiveCfg = Debug|Any CPU
		{96C4F84F-5F9B-4EB9-B040-D2AFB93D8713}.Debug|Any CPU.Build.0 = Debug|Any CPU
		{96C4F84F-5F9B-4EB9-B040-D2AFB93D8713}.Debug|x64.ActiveCfg = Debug|Any CPU
		{96C4F84F-5F9B-4EB9-B040-D2AFB93D8713}.Debug|x64.Build.0 = Debug|Any CPU
		{96C4F84F-5F9B-4EB9-B040-D2AFB93D8713}.Debug|x86.ActiveCfg = Debug|Any CPU
		{96C4F84F-5F9B-4EB9-B040-D2AFB93D8713}.Debug|x86.Build.0 = Debug|Any CPU
		{96C4F84F-5F9B-4EB9-B040-D2AFB93D8713}.Release|Any CPU.ActiveCfg = Release|Any CPU
		{96C4F84F-5F9B-4EB9-B040-D2AFB93D8713}.Release|Any CPU.Build.0 = Release|Any CPU
		{96C4F84F-5F9B-4EB9-B040-D2AFB93D8713}.Release|x64.ActiveCfg = Release|Any CPU
		{96C4F84F-5F9B-4EB9-B040-D2AFB93D8713}.Release|x64.Build.0 = Release|Any CPU
		{96C4F84F-5F9B-4EB9-B040-D2AFB93D8713}.Release|x86.ActiveCfg = Release|Any CPU
		{96C4F84F-5F9B-4EB9-B040-D2AFB93D8713}.Release|x86.Build.0 = Release|Any CPU
		{AB192C75-1A52-4DE8-8196-EAEDFCA4F91E}.Debug|Any CPU.ActiveCfg = Debug|Any CPU
		{AB192C75-1A52-4DE8-8196-EAEDFCA4F91E}.Debug|Any CPU.Build.0 = Debug|Any CPU
		{AB192C75-1A52-4DE8-8196-EAEDFCA4F91E}.Debug|x64.ActiveCfg = Debug|Any CPU
		{AB192C75-1A52-4DE8-8196-EAEDFCA4F91E}.Debug|x64.Build.0 = Debug|Any CPU
		{AB192C75-1A52-4DE8-8196-EAEDFCA4F91E}.Debug|x86.ActiveCfg = Debug|Any CPU
		{AB192C75-1A52-4DE8-8196-EAEDFCA4F91E}.Debug|x86.Build.0 = Debug|Any CPU
		{AB192C75-1A52-4DE8-8196-EAEDFCA4F91E}.Release|Any CPU.ActiveCfg = Release|Any CPU
		{AB192C75-1A52-4DE8-8196-EAEDFCA4F91E}.Release|Any CPU.Build.0 = Release|Any CPU
		{AB192C75-1A52-4DE8-8196-EAEDFCA4F91E}.Release|x64.ActiveCfg = Release|Any CPU
		{AB192C75-1A52-4DE8-8196-EAEDFCA4F91E}.Release|x64.Build.0 = Release|Any CPU
		{AB192C75-1A52-4DE8-8196-EAEDFCA4F91E}.Release|x86.ActiveCfg = Release|Any CPU
		{AB192C75-1A52-4DE8-8196-EAEDFCA4F91E}.Release|x86.Build.0 = Release|Any CPU
		{D2E28EAD-D25A-47A8-8CFD-78AC032EF32D}.Debug|Any CPU.ActiveCfg = Debug|Any CPU
		{D2E28EAD-D25A-47A8-8CFD-78AC032EF32D}.Debug|Any CPU.Build.0 = Debug|Any CPU
		{D2E28EAD-D25A-47A8-8CFD-78AC032EF32D}.Debug|x64.ActiveCfg = Debug|Any CPU
		{D2E28EAD-D25A-47A8-8CFD-78AC032EF32D}.Debug|x64.Build.0 = Debug|Any CPU
		{D2E28EAD-D25A-47A8-8CFD-78AC032EF32D}.Debug|x86.ActiveCfg = Debug|Any CPU
		{D2E28EAD-D25A-47A8-8CFD-78AC032EF32D}.Debug|x86.Build.0 = Debug|Any CPU
		{D2E28EAD-D25A-47A8-8CFD-78AC032EF32D}.Release|Any CPU.ActiveCfg = Release|Any CPU
		{D2E28EAD-D25A-47A8-8CFD-78AC032EF32D}.Release|Any CPU.Build.0 = Release|Any CPU
		{D2E28EAD-D25A-47A8-8CFD-78AC032EF32D}.Release|x64.ActiveCfg = Release|Any CPU
		{D2E28EAD-D25A-47A8-8CFD-78AC032EF32D}.Release|x64.Build.0 = Release|Any CPU
		{D2E28EAD-D25A-47A8-8CFD-78AC032EF32D}.Release|x86.ActiveCfg = Release|Any CPU
		{D2E28EAD-D25A-47A8-8CFD-78AC032EF32D}.Release|x86.Build.0 = Release|Any CPU
	EndGlobalSection
	GlobalSection(SolutionProperties) = preSolution
		HideSolutionNode = FALSE
	EndGlobalSection
	GlobalSection(NestedProjects) = preSolution
		{96C4F84F-5F9B-4EB9-B040-D2AFB93D8713} = {827E0CD3-B72D-47B6-A68D-7590B98EB39B}
		{AB192C75-1A52-4DE8-8196-EAEDFCA4F91E} = {827E0CD3-B72D-47B6-A68D-7590B98EB39B}
		{D2E28EAD-D25A-47A8-8CFD-78AC032EF32D} = {827E0CD3-B72D-47B6-A68D-7590B98EB39B}
	EndGlobalSection
EndGlobal
