Microsoft Visual Studio Solution File, Format Version 12.00
# Visual Studio Version 17
VisualStudioVersion = 17.0.31903.59
MinimumVisualStudioVersion = 10.0.40219.1
Project("{2150E333-8FDC-42A3-9474-1A3956D46DE8}") = "src", "src", "{6ED01F73-B3D8-4A51-8C8A-C86AA1E5D098}"
EndProject
Project("{FAE04EC0-301F-11D3-BF4B-00C04F79EFBC}") = "TextractTest.Core", "src\TextractTest.Core\TextractTest.Core.csproj", "{C4F7C122-C3A1-4E4C-8EFE-0F4B488C88B5}"
EndProject
Project("{FAE04EC0-301F-11D3-BF4B-00C04F79EFBC}") = "TextractTest.JobChecker", "src\TextractTest.JobChecker\TextractTest.JobChecker.csproj", "{7C8BBCF5-8C7D-43BA-9A5D-AE42E31BE4DB}"
EndProject
Global
	GlobalSection(SolutionConfigurationPlatforms) = preSolution
		Debug|Any CPU = Debug|Any CPU
		Release|Any CPU = Release|Any CPU
	EndGlobalSection
	GlobalSection(SolutionProperties) = preSolution
		HideSolutionNode = FALSE
	EndGlobalSection
	GlobalSection(ProjectConfigurationPlatforms) = postSolution
		{C4F7C122-C3A1-4E4C-8EFE-0F4B488C88B5}.Debug|Any CPU.ActiveCfg = Debug|Any CPU
		{C4F7C122-C3A1-4E4C-8EFE-0F4B488C88B5}.Debug|Any CPU.Build.0 = Debug|Any CPU
		{C4F7C122-C3A1-4E4C-8EFE-0F4B488C88B5}.Release|Any CPU.ActiveCfg = Release|Any CPU
		{C4F7C122-C3A1-4E4C-8EFE-0F4B488C88B5}.Release|Any CPU.Build.0 = Release|Any CPU
		{7C8BBCF5-8C7D-43BA-9A5D-AE42E31BE4DB}.Debug|Any CPU.ActiveCfg = Debug|Any CPU
		{7C8BBCF5-8C7D-43BA-9A5D-AE42E31BE4DB}.Debug|Any CPU.Build.0 = Debug|Any CPU
		{7C8BBCF5-8C7D-43BA-9A5D-AE42E31BE4DB}.Release|Any CPU.ActiveCfg = Release|Any CPU
		{7C8BBCF5-8C7D-43BA-9A5D-AE42E31BE4DB}.Release|Any CPU.Build.0 = Release|Any CPU
	EndGlobalSection
	GlobalSection(NestedProjects) = preSolution
		{C4F7C122-C3A1-4E4C-8EFE-0F4B488C88B5} = {6ED01F73-B3D8-4A51-8C8A-C86AA1E5D098}
		{7C8BBCF5-8C7D-43BA-9A5D-AE42E31BE4DB} = {6ED01F73-B3D8-4A51-8C8A-C86AA1E5D098}
	EndGlobalSection
EndGlobal
